// !$*UTF8*$!
{
	archiveVersion = 1;
	classes = {
	};
	objectVersion = 50;
	objects = {

/* Begin PBXBuildFile section */
		E487FD61225938B80015C43D /* AppDelegate.swift in Sources */ = {isa = PBXBuildFile; fileRef = E487FD60225938B80015C43D /* AppDelegate.swift */; };
		E487FD63225938B80015C43D /* ViewController.swift in Sources */ = {isa = PBXBuildFile; fileRef = E487FD62225938B80015C43D /* ViewController.swift */; };
		E487FD66225938B80015C43D /* Main.storyboard in Resources */ = {isa = PBXBuildFile; fileRef = E487FD64225938B80015C43D /* Main.storyboard */; };
		E487FD68225938BB0015C43D /* Assets.xcassets in Resources */ = {isa = PBXBuildFile; fileRef = E487FD67225938BB0015C43D /* Assets.xcassets */; };
		E487FD6B225938BB0015C43D /* LaunchScreen.storyboard in Resources */ = {isa = PBXBuildFile; fileRef = E487FD69225938BB0015C43D /* LaunchScreen.storyboard */; };
		E4F940BF227E109100A0983A /* Icon.png in Resources */ = {isa = PBXBuildFile; fileRef = E4F940AF227E109100A0983A /* Icon.png */; };
		E4F940C0227E109100A0983A /* icon_40pt.png in Resources */ = {isa = PBXBuildFile; fileRef = E4F940B0227E109100A0983A /* icon_40pt.png */; };
		E4F940C1227E109100A0983A /* icon_20pt@2x.png in Resources */ = {isa = PBXBuildFile; fileRef = E4F940B1227E109100A0983A /* icon_20pt@2x.png */; };
		E4F940C2227E109100A0983A /* icon_40pt@3x.png in Resources */ = {isa = PBXBuildFile; fileRef = E4F940B2227E109100A0983A /* icon_40pt@3x.png */; };
		E4F940C3227E109100A0983A /* icon_40pt@2x.png in Resources */ = {isa = PBXBuildFile; fileRef = E4F940B3227E109100A0983A /* icon_40pt@2x.png */; };
		E4F940C4227E109100A0983A /* icon_20pt@3x.png in Resources */ = {isa = PBXBuildFile; fileRef = E4F940B4227E109100A0983A /* icon_20pt@3x.png */; };
		E4F940C5227E109100A0983A /* icon_20pt.png in Resources */ = {isa = PBXBuildFile; fileRef = E4F940B5227E109100A0983A /* icon_20pt.png */; };
		E4F940C6227E109100A0983A /* icon_76pt.png in Resources */ = {isa = PBXBuildFile; fileRef = E4F940B6227E109100A0983A /* icon_76pt.png */; };
		E4F940C7227E109100A0983A /* icon_76pt@2x.png in Resources */ = {isa = PBXBuildFile; fileRef = E4F940B7227E109100A0983A /* icon_76pt@2x.png */; };
		E4F940C8227E109100A0983A /* icon_83.5@2x.png in Resources */ = {isa = PBXBuildFile; fileRef = E4F940B8227E109100A0983A /* icon_83.5@2x.png */; };
		E4F940C9227E109100A0983A /* icon_29pt@3x.png in Resources */ = {isa = PBXBuildFile; fileRef = E4F940B9227E109100A0983A /* icon_29pt@3x.png */; };
		E4F940CA227E109100A0983A /* icon_60pt@3x.png in Resources */ = {isa = PBXBuildFile; fileRef = E4F940BA227E109100A0983A /* icon_60pt@3x.png */; };
		E4F940CB227E109100A0983A /* icon_60pt@2x.png in Resources */ = {isa = PBXBuildFile; fileRef = E4F940BB227E109100A0983A /* icon_60pt@2x.png */; };
		E4F940CC227E109100A0983A /* icon_29pt.png in Resources */ = {isa = PBXBuildFile; fileRef = E4F940BC227E109100A0983A /* icon_29pt.png */; };
		E4F940CD227E109100A0983A /* icon_29pt@2x.png in Resources */ = {isa = PBXBuildFile; fileRef = E4F940BD227E109100A0983A /* icon_29pt@2x.png */; };
		E4F940CE227E109100A0983A /* iOS App Icon Template.png in Resources */ = {isa = PBXBuildFile; fileRef = E4F940BE227E109100A0983A /* iOS App Icon Template.png */; };
/* End PBXBuildFile section */

/* Begin PBXFileReference section */
		E487FD5D225938B80015C43D /* Decision Decider.app */ = {isa = PBXFileReference; explicitFileType = wrapper.application; includeInIndex = 0; path = "Decision Decider.app"; sourceTree = BUILT_PRODUCTS_DIR; };
		E487FD60225938B80015C43D /* AppDelegate.swift */ = {isa = PBXFileReference; lastKnownFileType = sourcecode.swift; path = AppDelegate.swift; sourceTree = "<group>"; };
		E487FD62225938B80015C43D /* ViewController.swift */ = {isa = PBXFileReference; lastKnownFileType = sourcecode.swift; path = ViewController.swift; sourceTree = "<group>"; };
		E487FD65225938B80015C43D /* Base */ = {isa = PBXFileReference; lastKnownFileType = file.storyboard; name = Base; path = Base.lproj/Main.storyboard; sourceTree = "<group>"; };
		E487FD67225938BB0015C43D /* Assets.xcassets */ = {isa = PBXFileReference; lastKnownFileType = folder.assetcatalog; path = Assets.xcassets; sourceTree = "<group>"; };
		E487FD6A225938BB0015C43D /* Base */ = {isa = PBXFileReference; lastKnownFileType = file.storyboard; name = Base; path = Base.lproj/LaunchScreen.storyboard; sourceTree = "<group>"; };
		E487FD6C225938BB0015C43D /* Info.plist */ = {isa = PBXFileReference; lastKnownFileType = text.plist.xml; path = Info.plist; sourceTree = "<group>"; };
		E4F940AF227E109100A0983A /* Icon.png */ = {isa = PBXFileReference; lastKnownFileType = image.png; path = Icon.png; sourceTree = "<group>"; };
		E4F940B0227E109100A0983A /* icon_40pt.png */ = {isa = PBXFileReference; lastKnownFileType = image.png; path = icon_40pt.png; sourceTree = "<group>"; };
		E4F940B1227E109100A0983A /* icon_20pt@2x.png */ = {isa = PBXFileReference; lastKnownFileType = image.png; path = "icon_20pt@2x.png"; sourceTree = "<group>"; };
		E4F940B2227E109100A0983A /* icon_40pt@3x.png */ = {isa = PBXFileReference; lastKnownFileType = image.png; path = "icon_40pt@3x.png"; sourceTree = "<group>"; };
		E4F940B3227E109100A0983A /* icon_40pt@2x.png */ = {isa = PBXFileReference; lastKnownFileType = image.png; path = "icon_40pt@2x.png"; sourceTree = "<group>"; };
		E4F940B4227E109100A0983A /* icon_20pt@3x.png */ = {isa = PBXFileReference; lastKnownFileType = image.png; path = "icon_20pt@3x.png"; sourceTree = "<group>"; };
		E4F940B5227E109100A0983A /* icon_20pt.png */ = {isa = PBXFileReference; lastKnownFileType = image.png; path = icon_20pt.png; sourceTree = "<group>"; };
		E4F940B6227E109100A0983A /* icon_76pt.png */ = {isa = PBXFileReference; lastKnownFileType = image.png; path = icon_76pt.png; sourceTree = "<group>"; };
		E4F940B7227E109100A0983A /* icon_76pt@2x.png */ = {isa = PBXFileReference; lastKnownFileType = image.png; path = "icon_76pt@2x.png"; sourceTree = "<group>"; };
		E4F940B8227E109100A0983A /* icon_83.5@2x.png */ = {isa = PBXFileReference; lastKnownFileType = image.png; path = "icon_83.5@2x.png"; sourceTree = "<group>"; };
		E4F940B9227E109100A0983A /* icon_29pt@3x.png */ = {isa = PBXFileReference; lastKnownFileType = image.png; path = "icon_29pt@3x.png"; sourceTree = "<group>"; };
		E4F940BA227E109100A0983A /* icon_60pt@3x.png */ = {isa = PBXFileReference; lastKnownFileType = image.png; path = "icon_60pt@3x.png"; sourceTree = "<group>"; };
		E4F940BB227E109100A0983A /* icon_60pt@2x.png */ = {isa = PBXFileReference; lastKnownFileType = image.png; path = "icon_60pt@2x.png"; sourceTree = "<group>"; };
		E4F940BC227E109100A0983A /* icon_29pt.png */ = {isa = PBXFileReference; lastKnownFileType = image.png; path = icon_29pt.png; sourceTree = "<group>"; };
		E4F940BD227E109100A0983A /* icon_29pt@2x.png */ = {isa = PBXFileReference; lastKnownFileType = image.png; path = "icon_29pt@2x.png"; sourceTree = "<group>"; };
		E4F940BE227E109100A0983A /* iOS App Icon Template.png */ = {isa = PBXFileReference; lastKnownFileType = image.png; path = "iOS App Icon Template.png"; sourceTree = "<group>"; };
/* End PBXFileReference section */

/* Begin PBXFrameworksBuildPhase section */
		E487FD5A225938B80015C43D /* Frameworks */ = {
			isa = PBXFrameworksBuildPhase;
			buildActionMask = 2147483647;
			files = (
			);
			runOnlyForDeploymentPostprocessing = 0;
		};
/* End PBXFrameworksBuildPhase section */

/* Begin PBXGroup section */
		E487FD54225938B80015C43D = {
			isa = PBXGroup;
			children = (
				E487FD5F225938B80015C43D /* Decision Decider */,
				E487FD5E225938B80015C43D /* Products */,
			);
			sourceTree = "<group>";
		};
		E487FD5E225938B80015C43D /* Products */ = {
			isa = PBXGroup;
			children = (
				E487FD5D225938B80015C43D /* Decision Decider.app */,
			);
			name = Products;
			sourceTree = "<group>";
		};
		E487FD5F225938B80015C43D /* Decision Decider */ = {
			isa = PBXGroup;
			children = (
				E4F940AE227E109100A0983A /* icon */,
				E487FD60225938B80015C43D /* AppDelegate.swift */,
				E487FD62225938B80015C43D /* ViewController.swift */,
				E487FD64225938B80015C43D /* Main.storyboard */,
				E487FD67225938BB0015C43D /* Assets.xcassets */,
				E487FD69225938BB0015C43D /* LaunchScreen.storyboard */,
				E487FD6C225938BB0015C43D /* Info.plist */,
			);
			path = "Decision Decider";
			sourceTree = "<group>";
		};
		E4F940AE227E109100A0983A /* icon */ = {
			isa = PBXGroup;
			children = (
				E4F940AF227E109100A0983A /* Icon.png */,
				E4F940B0227E109100A0983A /* icon_40pt.png */,
				E4F940B1227E109100A0983A /* icon_20pt@2x.png */,
				E4F940B2227E109100A0983A /* icon_40pt@3x.png */,
				E4F940B3227E109100A0983A /* icon_40pt@2x.png */,
				E4F940B4227E109100A0983A /* icon_20pt@3x.png */,
				E4F940B5227E109100A0983A /* icon_20pt.png */,
				E4F940B6227E109100A0983A /* icon_76pt.png */,
				E4F940B7227E109100A0983A /* icon_76pt@2x.png */,
				E4F940B8227E109100A0983A /* icon_83.5@2x.png */,
				E4F940B9227E109100A0983A /* icon_29pt@3x.png */,
				E4F940BA227E109100A0983A /* icon_60pt@3x.png */,
				E4F940BB227E109100A0983A /* icon_60pt@2x.png */,
				E4F940BC227E109100A0983A /* icon_29pt.png */,
				E4F940BD227E109100A0983A /* icon_29pt@2x.png */,
				E4F940BE227E109100A0983A /* iOS App Icon Template.png */,
			);
			path = icon;
			sourceTree = "<group>";
		};
/* End PBXGroup section */

/* Begin PBXNativeTarget section */
		E487FD5C225938B80015C43D /* Decision Decider */ = {
			isa = PBXNativeTarget;
			buildConfigurationList = E487FD6F225938BB0015C43D /* Build configuration list for PBXNativeTarget "Decision Decider" */;
			buildPhases = (
				E487FD59225938B80015C43D /* Sources */,
				E487FD5A225938B80015C43D /* Frameworks */,
				E487FD5B225938B80015C43D /* Resources */,
			);
			buildRules = (
			);
			dependencies = (
			);
			name = "Decision Decider";
			productName = "Decision Decider";
			productReference = E487FD5D225938B80015C43D /* Decision Decider.app */;
			productType = "com.apple.product-type.application";
		};
/* End PBXNativeTarget section */

/* Begin PBXProject section */
		E487FD55225938B80015C43D /* Project object */ = {
			isa = PBXProject;
			attributes = {
				LastSwiftUpdateCheck = 1020;
				LastUpgradeCheck = 1020;
				ORGANIZATIONNAME = "James Paul Mason";
				TargetAttributes = {
					E487FD5C225938B80015C43D = {
						CreatedOnToolsVersion = 10.2;
					};
				};
			};
			buildConfigurationList = E487FD58225938B80015C43D /* Build configuration list for PBXProject "Decision Decider" */;
			compatibilityVersion = "Xcode 9.3";
			developmentRegion = en;
			hasScannedForEncodings = 0;
			knownRegions = (
				en,
				Base,
			);
			mainGroup = E487FD54225938B80015C43D;
			productRefGroup = E487FD5E225938B80015C43D /* Products */;
			projectDirPath = "";
			projectRoot = "";
			targets = (
				E487FD5C225938B80015C43D /* Decision Decider */,
			);
		};
/* End PBXProject section */

/* Begin PBXResourcesBuildPhase section */
		E487FD5B225938B80015C43D /* Resources */ = {
			isa = PBXResourcesBuildPhase;
			buildActionMask = 2147483647;
			files = (
				E4F940C8227E109100A0983A /* icon_83.5@2x.png in Resources */,
				E4F940BF227E109100A0983A /* Icon.png in Resources */,
				E487FD6B225938BB0015C43D /* LaunchScreen.storyboard in Resources */,
				E487FD68225938BB0015C43D /* Assets.xcassets in Resources */,
				E4F940C0227E109100A0983A /* icon_40pt.png in Resources */,
				E4F940C5227E109100A0983A /* icon_20pt.png in Resources */,
				E4F940CD227E109100A0983A /* icon_29pt@2x.png in Resources */,
				E4F940C6227E109100A0983A /* icon_76pt.png in Resources */,
				E4F940C7227E109100A0983A /* icon_76pt@2x.png in Resources */,
				E487FD66225938B80015C43D /* Main.storyboard in Resources */,
				E4F940C4227E109100A0983A /* icon_20pt@3x.png in Resources */,
				E4F940C3227E109100A0983A /* icon_40pt@2x.png in Resources */,
				E4F940CA227E109100A0983A /* icon_60pt@3x.png in Resources */,
				E4F940C9227E109100A0983A /* icon_29pt@3x.png in Resources */,
				E4F940CC227E109100A0983A /* icon_29pt.png in Resources */,
				E4F940C2227E109100A0983A /* icon_40pt@3x.png in Resources */,
				E4F940CE227E109100A0983A /* iOS App Icon Template.png in Resources */,
				E4F940C1227E109100A0983A /* icon_20pt@2x.png in Resources */,
				E4F940CB227E109100A0983A /* icon_60pt@2x.png in Resources */,
			);
			runOnlyForDeploymentPostprocessing = 0;
		};
/* End PBXResourcesBuildPhase section */

/* Begin PBXSourcesBuildPhase section */
		E487FD59225938B80015C43D /* Sources */ = {
			isa = PBXSourcesBuildPhase;
			buildActionMask = 2147483647;
			files = (
				E487FD63225938B80015C43D /* ViewController.swift in Sources */,
				E487FD61225938B80015C43D /* AppDelegate.swift in Sources */,
			);
			runOnlyForDeploymentPostprocessing = 0;
		};
/* End PBXSourcesBuildPhase section */

/* Begin PBXVariantGroup section */
		E487FD64225938B80015C43D /* Main.storyboard */ = {
			isa = PBXVariantGroup;
			children = (
				E487FD65225938B80015C43D /* Base */,
			);
			name = Main.storyboard;
			sourceTree = "<group>";
		};
		E487FD69225938BB0015C43D /* LaunchScreen.storyboard */ = {
			isa = PBXVariantGroup;
			children = (
				E487FD6A225938BB0015C43D /* Base */,
			);
			name = LaunchScreen.storyboard;
			sourceTree = "<group>";
		};
/* End PBXVariantGroup section */

/* Begin XCBuildConfiguration section */
		E487FD6D225938BB0015C43D /* Debug */ = {
			isa = XCBuildConfiguration;
			buildSettings = {
				ALWAYS_SEARCH_USER_PATHS = NO;
				CLANG_ANALYZER_NONNULL = YES;
				CLANG_ANALYZER_NUMBER_OBJECT_CONVERSION = YES_AGGRESSIVE;
				CLANG_CXX_LANGUAGE_STANDARD = "gnu++14";
				CLANG_CXX_LIBRARY = "libc++";
				CLANG_ENABLE_MODULES = YES;
				CLANG_ENABLE_OBJC_ARC = YES;
				CLANG_ENABLE_OBJC_WEAK = YES;
				CLANG_WARN_BLOCK_CAPTURE_AUTORELEASING = YES;
				CLANG_WARN_BOOL_CONVERSION = YES;
				CLANG_WARN_COMMA = YES;
				CLANG_WARN_CONSTANT_CONVERSION = YES;
				CLANG_WARN_DEPRECATED_OBJC_IMPLEMENTATIONS = YES;
				CLANG_WARN_DIRECT_OBJC_ISA_USAGE = YES_ERROR;
				CLANG_WARN_DOCUMENTATION_COMMENTS = YES;
				CLANG_WARN_EMPTY_BODY = YES;
				CLANG_WARN_ENUM_CONVERSION = YES;
				CLANG_WARN_INFINITE_RECURSION = YES;
				CLANG_WARN_INT_CONVERSION = YES;
				CLANG_WARN_NON_LITERAL_NULL_CONVERSION = YES;
				CLANG_WARN_OBJC_IMPLICIT_RETAIN_SELF = YES;
				CLANG_WARN_OBJC_LITERAL_CONVERSION = YES;
				CLANG_WARN_OBJC_ROOT_CLASS = YES_ERROR;
				CLANG_WARN_RANGE_LOOP_ANALYSIS = YES;
				CLANG_WARN_STRICT_PROTOTYPES = YES;
				CLANG_WARN_SUSPICIOUS_MOVE = YES;
				CLANG_WARN_UNGUARDED_AVAILABILITY = YES_AGGRESSIVE;
				CLANG_WARN_UNREACHABLE_CODE = YES;
				CLANG_WARN__DUPLICATE_METHOD_MATCH = YES;
				CODE_SIGN_IDENTITY = "iPhone Developer";
				COPY_PHASE_STRIP = NO;
				DEBUG_INFORMATION_FORMAT = dwarf;
				ENABLE_STRICT_OBJC_MSGSEND = YES;
				ENABLE_TESTABILITY = YES;
				GCC_C_LANGUAGE_STANDARD = gnu11;
				GCC_DYNAMIC_NO_PIC = NO;
				GCC_NO_COMMON_BLOCKS = YES;
				GCC_OPTIMIZATION_LEVEL = 0;
				GCC_PREPROCESSOR_DEFINITIONS = (
					"DEBUG=1",
					"$(inherited)",
				);
				GCC_WARN_64_TO_32_BIT_CONVERSION = YES;
				GCC_WARN_ABOUT_RETURN_TYPE = YES_ERROR;
				GCC_WARN_UNDECLARED_SELECTOR = YES;
				GCC_WARN_UNINITIALIZED_AUTOS = YES_AGGRESSIVE;
				GCC_WARN_UNUSED_FUNCTION = YES;
				GCC_WARN_UNUSED_VARIABLE = YES;
				IPHONEOS_DEPLOYMENT_TARGET = 12.2;
				MTL_ENABLE_DEBUG_INFO = INCLUDE_SOURCE;
				MTL_FAST_MATH = YES;
				ONLY_ACTIVE_ARCH = YES;
				SDKROOT = iphoneos;
				SWIFT_ACTIVE_COMPILATION_CONDITIONS = DEBUG;
				SWIFT_OPTIMIZATION_LEVEL = "-Onone";
			};
			name = Debug;
		};
		E487FD6E225938BB0015C43D /* Release */ = {
			isa = XCBuildConfiguration;
			buildSettings = {
				ALWAYS_SEARCH_USER_PATHS = NO;
				CLANG_ANALYZER_NONNULL = YES;
				CLANG_ANALYZER_NUMBER_OBJECT_CONVERSION = YES_AGGRESSIVE;
				CLANG_CXX_LANGUAGE_STANDARD = "gnu++14";
				CLANG_CXX_LIBRARY = "libc++";
				CLANG_ENABLE_MODULES = YES;
				CLANG_ENABLE_OBJC_ARC = YES;
				CLANG_ENABLE_OBJC_WEAK = YES;
				CLANG_WARN_BLOCK_CAPTURE_AUTORELEASING = YES;
				CLANG_WARN_BOOL_CONVERSION = YES;
				CLANG_WARN_COMMA = YES;
				CLANG_WARN_CONSTANT_CONVERSION = YES;
				CLANG_WARN_DEPRECATED_OBJC_IMPLEMENTATIONS = YES;
				CLANG_WARN_DIRECT_OBJC_ISA_USAGE = YES_ERROR;
				CLANG_WARN_DOCUMENTATION_COMMENTS = YES;
				CLANG_WARN_EMPTY_BODY = YES;
				CLANG_WARN_ENUM_CONVERSION = YES;
				CLANG_WARN_INFINITE_RECURSION = YES;
				CLANG_WARN_INT_CONVERSION = YES;
				CLANG_WARN_NON_LITERAL_NULL_CONVERSION = YES;
				CLANG_WARN_OBJC_IMPLICIT_RETAIN_SELF = YES;
				CLANG_WARN_OBJC_LITERAL_CONVERSION = YES;
				CLANG_WARN_OBJC_ROOT_CLASS = YES_ERROR;
				CLANG_WARN_RANGE_LOOP_ANALYSIS = YES;
				CLANG_WARN_STRICT_PROTOTYPES = YES;
				CLANG_WARN_SUSPICIOUS_MOVE = YES;
				CLANG_WARN_UNGUARDED_AVAILABILITY = YES_AGGRESSIVE;
				CLANG_WARN_UNREACHABLE_CODE = YES;
				CLANG_WARN__DUPLICATE_METHOD_MATCH = YES;
				CODE_SIGN_IDENTITY = "iPhone Developer";
				COPY_PHASE_STRIP = NO;
				DEBUG_INFORMATION_FORMAT = "dwarf-with-dsym";
				ENABLE_NS_ASSERTIONS = NO;
				ENABLE_STRICT_OBJC_MSGSEND = YES;
				GCC_C_LANGUAGE_STANDARD = gnu11;
				GCC_NO_COMMON_BLOCKS = YES;
				GCC_WARN_64_TO_32_BIT_CONVERSION = YES;
				GCC_WARN_ABOUT_RETURN_TYPE = YES_ERROR;
				GCC_WARN_UNDECLARED_SELECTOR = YES;
				GCC_WARN_UNINITIALIZED_AUTOS = YES_AGGRESSIVE;
				GCC_WARN_UNUSED_FUNCTION = YES;
				GCC_WARN_UNUSED_VARIABLE = YES;
				IPHONEOS_DEPLOYMENT_TARGET = 12.2;
				MTL_ENABLE_DEBUG_INFO = NO;
				MTL_FAST_MATH = YES;
				SDKROOT = iphoneos;
				SWIFT_COMPILATION_MODE = wholemodule;
				SWIFT_OPTIMIZATION_LEVEL = "-O";
				VALIDATE_PRODUCT = YES;
			};
			name = Release;
		};
		E487FD70225938BB0015C43D /* Debug */ = {
			isa = XCBuildConfiguration;
			buildSettings = {
				ASSETCATALOG_COMPILER_APPICON_NAME = AppIcon;
				CODE_SIGN_STYLE = Automatic;
				DEVELOPMENT_TEAM = Y3EC579VUK;
				INFOPLIST_FILE = "Decision Decider/Info.plist";
				LD_RUNPATH_SEARCH_PATHS = (
					"$(inherited)",
					"@executable_path/Frameworks",
				);
				PRODUCT_BUNDLE_IDENTIFIER = jpm.decide;
				PRODUCT_NAME = "$(TARGET_NAME)";
				SWIFT_VERSION = 5.0;
				TARGETED_DEVICE_FAMILY = "1,2";
			};
			name = Debug;
		};
		E487FD71225938BB0015C43D /* Release */ = {
			isa = XCBuildConfiguration;
			buildSettings = {
				ASSETCATALOG_COMPILER_APPICON_NAME = AppIcon;
				CODE_SIGN_STYLE = Automatic;
				DEVELOPMENT_TEAM = Y3EC579VUK;
				INFOPLIST_FILE = "Decision Decider/Info.plist";
				LD_RUNPATH_SEARCH_PATHS = (
					"$(inherited)",
					"@executable_path/Frameworks",
				);
				PRODUCT_BUNDLE_IDENTIFIER = jpm.decide;
				PRODUCT_NAME = "$(TARGET_NAME)";
				SWIFT_VERSION = 5.0;
				TARGETED_DEVICE_FAMILY = "1,2";
			};
			name = Release;
		};
/* End XCBuildConfiguration section */

/* Begin XCConfigurationList section */
		E487FD58225938B80015C43D /* Build configuration list for PBXProject "Decision Decider" */ = {
			isa = XCConfigurationList;
			buildConfigurations = (
				E487FD6D225938BB0015C43D /* Debug */,
				E487FD6E225938BB0015C43D /* Release */,
			);
			defaultConfigurationIsVisible = 0;
			defaultConfigurationName = Release;
		};
		E487FD6F225938BB0015C43D /* Build configuration list for PBXNativeTarget "Decision Decider" */ = {
			isa = XCConfigurationList;
			buildConfigurations = (
				E487FD70225938BB0015C43D /* Debug */,
				E487FD71225938BB0015C43D /* Release */,
			);
			defaultConfigurationIsVisible = 0;
			defaultConfigurationName = Release;
		};
/* End XCConfigurationList section */
	};
	rootObject = E487FD55225938B80015C43D /* Project object */;
}
